// !$*UTF8*$!
{
	archiveVersion = 1;
	classes = {
	};
	objectVersion = 77;
	objects = {

/* Begin PBXBuildFile section */
		C19074DD2FFFFCF600E93FE4 /* EssentialFeedAPI.framework in Frameworks */ = {isa = PBXBuildFile; fileRef = C19074DC2FFFFCF600E93FE4 /* EssentialFeedAPI.framework */; };
		C19074DE2FFFFCF600E93FE4 /* EssentialFeedAPI.framework in Embed Frameworks */ = {isa = PBXBuildFile; fileRef = C19074DC2FFFFCF600E93FE4 /* EssentialFeedAPI.framework */; settings = {ATTRIBUTES = (CodeSignOnCopy, RemoveHeadersOnCopy, ); }; };
		C19074E02FFFFCFA00E93FE4 /* EssentialFeed.framework in Frameworks */ = {isa = PBXBuildFile; fileRef = C19074DF2FFFFCFA00E93FE4 /* EssentialFeed.framework */; };
		C19074E12FFFFCFA00E93FE4 /* EssentialFeed.framework in Embed Frameworks */ = {isa = PBXBuildFile; fileRef = C19074DF2FFFFCFA00E93FE4 /* EssentialFeed.framework */; settings = {ATTRIBUTES = (CodeSignOnCopy, RemoveHeadersOnCopy, ); }; };
		C19075113000029C00E93FE4 /* EssentialFeedCache.framework in Frameworks */ = {isa = PBXBuildFile; fileRef = C19075103000029C00E93FE4 /* EssentialFeedCache.framework */; };
		C19075123000029C00E93FE4 /* EssentialFeedCache.framework in Embed Frameworks */ = {isa = PBXBuildFile; fileRef = C19075103000029C00E93FE4 /* EssentialFeedCache.framework */; settings = {ATTRIBUTES = (CodeSignOnCopy, RemoveHeadersOnCopy, ); }; };
		C190754B30001DC900E93FE4 /* EssentialFeedCacheInfrastructure.framework in Frameworks */ = {isa = PBXBuildFile; fileRef = C190754A30001DC900E93FE4 /* EssentialFeedCacheInfrastructure.framework */; };
		C190754C30001DC900E93FE4 /* EssentialFeedCacheInfrastructure.framework in Embed Frameworks */ = {isa = PBXBuildFile; fileRef = C190754A30001DC900E93FE4 /* EssentialFeedCacheInfrastructure.framework */; settings = {ATTRIBUTES = (CodeSignOnCopy, RemoveHeadersOnCopy, ); }; };
		C19075E83000CA2D00E93FE4 /* EssentialFeedAPIInfrastructure.framework in Frameworks */ = {isa = PBXBuildFile; fileRef = C19075E73000CA2D00E93FE4 /* EssentialFeedAPIInfrastructure.framework */; };
		C19075E93000CA2D00E93FE4 /* EssentialFeedAPIInfrastructure.framework in Embed Frameworks */ = {isa = PBXBuildFile; fileRef = C19075E73000CA2D00E93FE4 /* EssentialFeedAPIInfrastructure.framework */; settings = {ATTRIBUTES = (CodeSignOnCopy, RemoveHeadersOnCopy, ); }; };
		C1B7500B2F9D6189001D8C9F /* EssentialFeediOS.framework in Frameworks */ = {isa = PBXBuildFile; fileRef = C1B750082F9D6189001D8C9F /* EssentialFeediOS.framework */; };
		C1B7500C2F9D6189001D8C9F /* EssentialFeediOS.framework in Embed Frameworks */ = {isa = PBXBuildFile; fileRef = C1B750082F9D6189001D8C9F /* EssentialFeediOS.framework */; settings = {ATTRIBUTES = (CodeSignOnCopy, RemoveHeadersOnCopy, ); }; };
		D4D099BD3002D2000097549D /* EssentialFeedPresentation.framework in Frameworks */ = {isa = PBXBuildFile; fileRef = D4D099BC3002D2000097549D /* EssentialFeedPresentation.framework */; };
		D4D099BE3002D2000097549D /* EssentialFeedPresentation.framework in Embed Frameworks */ = {isa = PBXBuildFile; fileRef = D4D099BC3002D2000097549D /* EssentialFeedPresentation.framework */; settings = {ATTRIBUTES = (CodeSignOnCopy, RemoveHeadersOnCopy, ); }; };
/* End PBXBuildFile section */

/* Begin PBXContainerItemProxy section */
		C10713B12F9D2BB5008A0FA6 /* PBXContainerItemProxy */ = {
			isa = PBXContainerItemProxy;
			containerPortal = C10713922F9D2BB3008A0FA6 /* Project object */;
			proxyType = 1;
			remoteGlobalIDString = C10713992F9D2BB3008A0FA6;
			remoteInfo = EssentialApp;
		};
/* End PBXContainerItemProxy section */

/* Begin PBXCopyFilesBuildPhase section */
		C1B7500D2F9D6189001D8C9F /* Embed Frameworks */ = {
			isa = PBXCopyFilesBuildPhase;
			buildActionMask = 2147483647;
			dstPath = "";
			dstSubfolderSpec = 10;
			files = (
				C19075123000029C00E93FE4 /* EssentialFeedCache.framework in Embed Frameworks */,
				C19074DE2FFFFCF600E93FE4 /* EssentialFeedAPI.framework in Embed Frameworks */,
				C190754C30001DC900E93FE4 /* EssentialFeedCacheInfrastructure.framework in Embed Frameworks */,
				D4D099BE3002D2000097549D /* EssentialFeedPresentation.framework in Embed Frameworks */,
				C19075E93000CA2D00E93FE4 /* EssentialFeedAPIInfrastructure.framework in Embed Frameworks */,
				C19074E12FFFFCFA00E93FE4 /* EssentialFeed.framework in Embed Frameworks */,
				C1B7500C2F9D6189001D8C9F /* EssentialFeediOS.framework in Embed Frameworks */,
			);
			name = "Embed Frameworks";
			runOnlyForDeploymentPostprocessing = 0;
		};
/* End PBXCopyFilesBuildPhase section */

/* Begin PBXFileReference section */
		C107139A2F9D2BB3008A0FA6 /* EssentialApp.app */ = {isa = PBXFileReference; explicitFileType = wrapper.application; includeInIndex = 0; path = EssentialApp.app; sourceTree = BUILT_PRODUCTS_DIR; };
		C10713B02F9D2BB5008A0FA6 /* EssentialAppTests.xctest */ = {isa = PBXFileReference; explicitFileType = wrapper.cfbundle; includeInIndex = 0; path = EssentialAppTests.xctest; sourceTree = BUILT_PRODUCTS_DIR; };
		C19074DC2FFFFCF600E93FE4 /* EssentialFeedAPI.framework */ = {isa = PBXFileReference; explicitFileType = wrapper.framework; path = EssentialFeedAPI.framework; sourceTree = BUILT_PRODUCTS_DIR; };
		C19074DF2FFFFCFA00E93FE4 /* EssentialFeed.framework */ = {isa = PBXFileReference; explicitFileType = wrapper.framework; path = EssentialFeed.framework; sourceTree = BUILT_PRODUCTS_DIR; };
		C19075103000029C00E93FE4 /* EssentialFeedCache.framework */ = {isa = PBXFileReference; explicitFileType = wrapper.framework; path = EssentialFeedCache.framework; sourceTree = BUILT_PRODUCTS_DIR; };
		C190754A30001DC900E93FE4 /* EssentialFeedCacheInfrastructure.framework */ = {isa = PBXFileReference; explicitFileType = wrapper.framework; path = EssentialFeedCacheInfrastructure.framework; sourceTree = BUILT_PRODUCTS_DIR; };
		C19075A03000288B00E93FE4 /* EssentialFeedPresentation.framework */ = {isa = PBXFileReference; explicitFileType = wrapper.framework; path = EssentialFeedPresentation.framework; sourceTree = BUILT_PRODUCTS_DIR; };
		C19075E73000CA2D00E93FE4 /* EssentialFeedAPIInfrastructure.framework */ = {isa = PBXFileReference; explicitFileType = wrapper.framework; path = EssentialFeedAPIInfrastructure.framework; sourceTree = BUILT_PRODUCTS_DIR; };
		C1B74BB92F9D342B001D8C9F /* EssentialFeed.framework */ = {isa = PBXFileReference; explicitFileType = wrapper.framework; path = EssentialFeed.framework; sourceTree = BUILT_PRODUCTS_DIR; };
		C1B74BBA2F9D342B001D8C9F /* EssentialFeediOS.framework */ = {isa = PBXFileReference; explicitFileType = wrapper.framework; path = EssentialFeediOS.framework; sourceTree = BUILT_PRODUCTS_DIR; };
		C1B74BF42F9D365B001D8C9F /* EssentialFeed.framework */ = {isa = PBXFileReference; explicitFileType = wrapper.framework; path = EssentialFeed.framework; sourceTree = BUILT_PRODUCTS_DIR; };
		C1B74BF52F9D365B001D8C9F /* EssentialFeediOS.framework */ = {isa = PBXFileReference; explicitFileType = wrapper.framework; path = EssentialFeediOS.framework; sourceTree = BUILT_PRODUCTS_DIR; };
		C1B750072F9D6189001D8C9F /* EssentialFeed.framework */ = {isa = PBXFileReference; explicitFileType = wrapper.framework; path = EssentialFeed.framework; sourceTree = BUILT_PRODUCTS_DIR; };
		C1B750082F9D6189001D8C9F /* EssentialFeediOS.framework */ = {isa = PBXFileReference; explicitFileType = wrapper.framework; path = EssentialFeediOS.framework; sourceTree = BUILT_PRODUCTS_DIR; };
		D4D099BC3002D2000097549D /* EssentialFeedPresentation.framework */ = {isa = PBXFileReference; explicitFileType = wrapper.framework; path = EssentialFeedPresentation.framework; sourceTree = BUILT_PRODUCTS_DIR; };
/* End PBXFileReference section */

/* Begin PBXFileSystemSynchronizedBuildFileExceptionSet section */
		C10713C22F9D2BB5008A0FA6 /* Exceptions for "EssentialApp" folder in "EssentialApp" target */ = {
			isa = PBXFileSystemSynchronizedBuildFileExceptionSet;
			membershipExceptions = (
				Info.plist,
			);
			target = C10713992F9D2BB3008A0FA6 /* EssentialApp */;
		};
/* End PBXFileSystemSynchronizedBuildFileExceptionSet section */

/* Begin PBXFileSystemSynchronizedRootGroup section */
		C107139C2F9D2BB3008A0FA6 /* EssentialApp */ = {
			isa = PBXFileSystemSynchronizedRootGroup;
			exceptions = (
				C10713C22F9D2BB5008A0FA6 /* Exceptions for "EssentialApp" folder in "EssentialApp" target */,
			);
			path = EssentialApp;
			sourceTree = "<group>";
		};
		C10713B32F9D2BB5008A0FA6 /* EssentialAppTests */ = {
			isa = PBXFileSystemSynchronizedRootGroup;
			path = EssentialAppTests;
			sourceTree = "<group>";
		};
/* End PBXFileSystemSynchronizedRootGroup section */

/* Begin PBXFrameworksBuildPhase section */
		C10713972F9D2BB3008A0FA6 /* Frameworks */ = {
			isa = PBXFrameworksBuildPhase;
			buildActionMask = 2147483647;
			files = (
				C19075113000029C00E93FE4 /* EssentialFeedCache.framework in Frameworks */,
				C19074DD2FFFFCF600E93FE4 /* EssentialFeedAPI.framework in Frameworks */,
				C190754B30001DC900E93FE4 /* EssentialFeedCacheInfrastructure.framework in Frameworks */,
				D4D099BD3002D2000097549D /* EssentialFeedPresentation.framework in Frameworks */,
				C19075E83000CA2D00E93FE4 /* EssentialFeedAPIInfrastructure.framework in Frameworks */,
				C19074E02FFFFCFA00E93FE4 /* EssentialFeed.framework in Frameworks */,
				C1B7500B2F9D6189001D8C9F /* EssentialFeediOS.framework in Frameworks */,
			);
			runOnlyForDeploymentPostprocessing = 0;
		};
		C10713AD2F9D2BB5008A0FA6 /* Frameworks */ = {
			isa = PBXFrameworksBuildPhase;
			buildActionMask = 2147483647;
			files = (
			);
			runOnlyForDeploymentPostprocessing = 0;
		};
/* End PBXFrameworksBuildPhase section */

/* Begin PBXGroup section */
		C10713912F9D2BB3008A0FA6 = {
			isa = PBXGroup;
			children = (
				C107139C2F9D2BB3008A0FA6 /* EssentialApp */,
				C10713B32F9D2BB5008A0FA6 /* EssentialAppTests */,
				C1B74BB82F9D342B001D8C9F /* Frameworks */,
				C107139B2F9D2BB3008A0FA6 /* Products */,
			);
			sourceTree = "<group>";
		};
		C107139B2F9D2BB3008A0FA6 /* Products */ = {
			isa = PBXGroup;
			children = (
				C107139A2F9D2BB3008A0FA6 /* EssentialApp.app */,
				C10713B02F9D2BB5008A0FA6 /* EssentialAppTests.xctest */,
			);
			name = Products;
			sourceTree = "<group>";
		};
		C1B74BB82F9D342B001D8C9F /* Frameworks */ = {
			isa = PBXGroup;
			children = (
				D4D099BC3002D2000097549D /* EssentialFeedPresentation.framework */,
				C19075E73000CA2D00E93FE4 /* EssentialFeedAPIInfrastructure.framework */,
				C19075A03000288B00E93FE4 /* EssentialFeedPresentation.framework */,
				C190754A30001DC900E93FE4 /* EssentialFeedCacheInfrastructure.framework */,
				C19075103000029C00E93FE4 /* EssentialFeedCache.framework */,
				C19074DF2FFFFCFA00E93FE4 /* EssentialFeed.framework */,
				C19074DC2FFFFCF600E93FE4 /* EssentialFeedAPI.framework */,
				C1B750072F9D6189001D8C9F /* EssentialFeed.framework */,
				C1B750082F9D6189001D8C9F /* EssentialFeediOS.framework */,
				C1B74BF42F9D365B001D8C9F /* EssentialFeed.framework */,
				C1B74BF52F9D365B001D8C9F /* EssentialFeediOS.framework */,
				C1B74BB92F9D342B001D8C9F /* EssentialFeed.framework */,
				C1B74BBA2F9D342B001D8C9F /* EssentialFeediOS.framework */,
			);
			name = Frameworks;
			sourceTree = "<group>";
		};
/* End PBXGroup section */

/* Begin PBXNativeTarget section */
		C10713992F9D2BB3008A0FA6 /* EssentialApp */ = {
			isa = PBXNativeTarget;
			buildConfigurationList = C10713C32F9D2BB5008A0FA6 /* Build configuration list for PBXNativeTarget "EssentialApp" */;
			buildPhases = (
				C10713962F9D2BB3008A0FA6 /* Sources */,
				C10713972F9D2BB3008A0FA6 /* Frameworks */,
				C10713982F9D2BB3008A0FA6 /* Resources */,
				C1B7500D2F9D6189001D8C9F /* Embed Frameworks */,
			);
			buildRules = (
			);
			dependencies = (
			);
			fileSystemSynchronizedGroups = (
				C107139C2F9D2BB3008A0FA6 /* EssentialApp */,
			);
			name = EssentialApp;
			packageProductDependencies = (
			);
			productName = EssentialApp;
			productReference = C107139A2F9D2BB3008A0FA6 /* EssentialApp.app */;
			productType = "com.apple.product-type.application";
		};
		C10713AF2F9D2BB5008A0FA6 /* EssentialAppTests */ = {
			isa = PBXNativeTarget;
			buildConfigurationList = C10713C82F9D2BB5008A0FA6 /* Build configuration list for PBXNativeTarget "EssentialAppTests" */;
			buildPhases = (
				C10713AC2F9D2BB5008A0FA6 /* Sources */,
				C10713AD2F9D2BB5008A0FA6 /* Frameworks */,
				C10713AE2F9D2BB5008A0FA6 /* Resources */,
			);
			buildRules = (
			);
			dependencies = (
				C10713B22F9D2BB5008A0FA6 /* PBXTargetDependency */,
			);
			fileSystemSynchronizedGroups = (
				C10713B32F9D2BB5008A0FA6 /* EssentialAppTests */,
			);
			name = EssentialAppTests;
			packageProductDependencies = (
			);
			productName = EssentialAppTests;
			productReference = C10713B02F9D2BB5008A0FA6 /* EssentialAppTests.xctest */;
			productType = "com.apple.product-type.bundle.unit-test";
		};
/* End PBXNativeTarget section */

/* Begin PBXProject section */
		C10713922F9D2BB3008A0FA6 /* Project object */ = {
			isa = PBXProject;
			attributes = {
				BuildIndependentTargetsInParallel = 1;
				LastSwiftUpdateCheck = 2660;
				LastUpgradeCheck = 2650;
				TargetAttributes = {
					C10713992F9D2BB3008A0FA6 = {
						CreatedOnToolsVersion = 26.4.1;
					};
					C10713AF2F9D2BB5008A0FA6 = {
						CreatedOnToolsVersion = 26.4.1;
						TestTargetID = C10713992F9D2BB3008A0FA6;
					};
				};
			};
			buildConfigurationList = C10713952F9D2BB3008A0FA6 /* Build configuration list for PBXProject "EssentialApp" */;
			developmentRegion = en;
			hasScannedForEncodings = 0;
			knownRegions = (
				en,
				Base,
			);
			mainGroup = C10713912F9D2BB3008A0FA6;
			minimizedProjectReferenceProxies = 1;
			preferredProjectObjectVersion = 77;
			productRefGroup = C107139B2F9D2BB3008A0FA6 /* Products */;
			projectDirPath = "";
			projectRoot = "";
			targets = (
				C10713992F9D2BB3008A0FA6 /* EssentialApp */,
				C10713AF2F9D2BB5008A0FA6 /* EssentialAppTests */,
			);
		};
/* End PBXProject section */

/* Begin PBXResourcesBuildPhase section */
		C10713982F9D2BB3008A0FA6 /* Resources */ = {
			isa = PBXResourcesBuildPhase;
			buildActionMask = 2147483647;
			files = (
			);
			runOnlyForDeploymentPostprocessing = 0;
		};
		C10713AE2F9D2BB5008A0FA6 /* Resources */ = {
			isa = PBXResourcesBuildPhase;
			buildActionMask = 2147483647;
			files = (
			);
			runOnlyForDeploymentPostprocessing = 0;
		};
/* End PBXResourcesBuildPhase section */

/* Begin PBXSourcesBuildPhase section */
		C10713962F9D2BB3008A0FA6 /* Sources */ = {
			isa = PBXSourcesBuildPhase;
			buildActionMask = 2147483647;
			files = (
			);
			runOnlyForDeploymentPostprocessing = 0;
		};
		C10713AC2F9D2BB5008A0FA6 /* Sources */ = {
			isa = PBXSourcesBuildPhase;
			buildActionMask = 2147483647;
			files = (
			);
			runOnlyForDeploymentPostprocessing = 0;
		};
/* End PBXSourcesBuildPhase section */

/* Begin PBXTargetDependency section */
		C10713B22F9D2BB5008A0FA6 /* PBXTargetDependency */ = {
			isa = PBXTargetDependency;
			target = C10713992F9D2BB3008A0FA6 /* EssentialApp */;
			targetProxy = C10713B12F9D2BB5008A0FA6 /* PBXContainerItemProxy */;
		};
/* End PBXTargetDependency section */

/* Begin XCBuildConfiguration section */
		C10713C42F9D2BB5008A0FA6 /* Debug */ = {
			isa = XCBuildConfiguration;
			buildSettings = {
				ASSETCATALOG_COMPILER_APPICON_NAME = AppIcon;
				ASSETCATALOG_COMPILER_GLOBAL_ACCENT_COLOR_NAME = AccentColor;
				CODE_SIGN_STYLE = Automatic;
				CURRENT_PROJECT_VERSION = 1;
				GENERATE_INFOPLIST_FILE = YES;
				INFOPLIST_FILE = EssentialApp/Info.plist;
				INFOPLIST_KEY_UIApplicationSupportsIndirectInputEvents = YES;
				INFOPLIST_KEY_UILaunchStoryboardName = LaunchScreen;
				INFOPLIST_KEY_UISupportedInterfaceOrientations = UIInterfaceOrientationPortrait;
				INFOPLIST_KEY_UISupportedInterfaceOrientations_iPad = "UIInterfaceOrientationPortrait UIInterfaceOrientationPortraitUpsideDown";
				LD_RUNPATH_SEARCH_PATHS = (
					"$(inherited)",
					"@executable_path/Frameworks",
				);
				MARKETING_VERSION = 1.0;
				PRODUCT_BUNDLE_IDENTIFIER = com.kasprasols.EssentialApp;
				PRODUCT_NAME = "$(TARGET_NAME)";
				STRING_CATALOG_GENERATE_SYMBOLS = YES;
				SWIFT_APPROACHABLE_CONCURRENCY = YES;
				SWIFT_DEFAULT_ACTOR_ISOLATION = MainActor;
				SWIFT_EMIT_LOC_STRINGS = YES;
				SWIFT_UPCOMING_FEATURE_MEMBER_IMPORT_VISIBILITY = YES;
				SWIFT_VERSION = 5.0;
				TARGETED_DEVICE_FAMILY = "1,2";
			};
			name = Debug;
		};
		C10713C52F9D2BB5008A0FA6 /* Release */ = {
			isa = XCBuildConfiguration;
			buildSettings = {
				ASSETCATALOG_COMPILER_APPICON_NAME = AppIcon;
				ASSETCATALOG_COMPILER_GLOBAL_ACCENT_COLOR_NAME = AccentColor;
				CODE_SIGN_STYLE = Automatic;
				CURRENT_PROJECT_VERSION = 1;
				GENERATE_INFOPLIST_FILE = YES;
				INFOPLIST_FILE = EssentialApp/Info.plist;
				INFOPLIST_KEY_UIApplicationSupportsIndirectInputEvents = YES;
				INFOPLIST_KEY_UILaunchStoryboardName = LaunchScreen;
				INFOPLIST_KEY_UISupportedInterfaceOrientations = UIInterfaceOrientationPortrait;
				INFOPLIST_KEY_UISupportedInterfaceOrientations_iPad = "UIInterfaceOrientationPortrait UIInterfaceOrientationPortraitUpsideDown";
				LD_RUNPATH_SEARCH_PATHS = (
					"$(inherited)",
					"@executable_path/Frameworks",
				);
				MARKETING_VERSION = 1.0;
				PRODUCT_BUNDLE_IDENTIFIER = com.kasprasols.EssentialApp;
				PRODUCT_NAME = "$(TARGET_NAME)";
				STRING_CATALOG_GENERATE_SYMBOLS = YES;
				SWIFT_APPROACHABLE_CONCURRENCY = YES;
				SWIFT_DEFAULT_ACTOR_ISOLATION = MainActor;
				SWIFT_EMIT_LOC_STRINGS = YES;
				SWIFT_UPCOMING_FEATURE_MEMBER_IMPORT_VISIBILITY = YES;
				SWIFT_VERSION = 5.0;
				TARGETED_DEVICE_FAMILY = "1,2";
			};
			name = Release;
		};
		C10713C62F9D2BB5008A0FA6 /* Debug */ = {
			isa = XCBuildConfiguration;
			buildSettings = {
				ALWAYS_SEARCH_USER_PATHS = NO;
				ASSETCATALOG_COMPILER_GENERATE_SWIFT_ASSET_SYMBOL_EXTENSIONS = YES;
				CLANG_ANALYZER_NONNULL = YES;
				CLANG_ANALYZER_NUMBER_OBJECT_CONVERSION = YES_AGGRESSIVE;
				CLANG_CXX_LANGUAGE_STANDARD = "gnu++20";
				CLANG_ENABLE_MODULES = YES;
				CLANG_ENABLE_OBJC_ARC = YES;
				CLANG_ENABLE_OBJC_WEAK = YES;
				CLANG_WARN_BLOCK_CAPTURE_AUTORELEASING = YES;
				CLANG_WARN_BOOL_CONVERSION = YES;
				CLANG_WARN_COMMA = YES;
				CLANG_WARN_CONSTANT_CONVERSION = YES;
				CLANG_WARN_DEPRECATED_OBJC_IMPLEMENTATIONS = YES;
				CLANG_WARN_DIRECT_OBJC_ISA_USAGE = YES_ERROR;
				CLANG_WARN_DOCUMENTATION_COMMENTS = YES;
				CLANG_WARN_EMPTY_BODY = YES;
				CLANG_WARN_ENUM_CONVERSION = YES;
				CLANG_WARN_INFINITE_RECURSION = YES;
				CLANG_WARN_INT_CONVERSION = YES;
				CLANG_WARN_NON_LITERAL_NULL_CONVERSION = YES;
				CLANG_WARN_OBJC_IMPLICIT_RETAIN_SELF = YES;
				CLANG_WARN_OBJC_LITERAL_CONVERSION = YES;
				CLANG_WARN_OBJC_ROOT_CLASS = YES_ERROR;
				CLANG_WARN_QUOTED_INCLUDE_IN_FRAMEWORK_HEADER = YES;
				CLANG_WARN_RANGE_LOOP_ANALYSIS = YES;
				CLANG_WARN_STRICT_PROTOTYPES = YES;
				CLANG_WARN_SUSPICIOUS_MOVE = YES;
				CLANG_WARN_UNGUARDED_AVAILABILITY = YES_AGGRESSIVE;
				CLANG_WARN_UNREACHABLE_CODE = YES;
				CLANG_WARN__DUPLICATE_METHOD_MATCH = YES;
				COPY_PHASE_STRIP = NO;
				DEBUG_INFORMATION_FORMAT = dwarf;
				ENABLE_STRICT_OBJC_MSGSEND = YES;
				ENABLE_TESTABILITY = YES;
				ENABLE_USER_SCRIPT_SANDBOXING = YES;
				GCC_C_LANGUAGE_STANDARD = gnu17;
				GCC_DYNAMIC_NO_PIC = NO;
				GCC_NO_COMMON_BLOCKS = YES;
				GCC_OPTIMIZATION_LEVEL = 0;
				GCC_PREPROCESSOR_DEFINITIONS = (
					"DEBUG=1",
					"$(inherited)",
				);
				GCC_WARN_64_TO_32_BIT_CONVERSION = YES;
				GCC_WARN_ABOUT_RETURN_TYPE = YES_ERROR;
				GCC_WARN_UNDECLARED_SELECTOR = YES;
				GCC_WARN_UNINITIALIZED_AUTOS = YES_AGGRESSIVE;
				GCC_WARN_UNUSED_FUNCTION = YES;
				GCC_WARN_UNUSED_VARIABLE = YES;
				IPHONEOS_DEPLOYMENT_TARGET = 26.4;
				LOCALIZATION_PREFERS_STRING_CATALOGS = YES;
				MTL_ENABLE_DEBUG_INFO = INCLUDE_SOURCE;
				MTL_FAST_MATH = YES;
				ONLY_ACTIVE_ARCH = YES;
				SDKROOT = iphoneos;
				STRING_CATALOG_GENERATE_SYMBOLS = YES;
				SWIFT_ACTIVE_COMPILATION_CONDITIONS = "DEBUG $(inherited)";
				SWIFT_OPTIMIZATION_LEVEL = "-Onone";
			};
			name = Debug;
		};
		C10713C72F9D2BB5008A0FA6 /* Release */ = {
			isa = XCBuildConfiguration;
			buildSettings = {
				ALWAYS_SEARCH_USER_PATHS = NO;
				ASSETCATALOG_COMPILER_GENERATE_SWIFT_ASSET_SYMBOL_EXTENSIONS = YES;
				CLANG_ANALYZER_NONNULL = YES;
				CLANG_ANALYZER_NUMBER_OBJECT_CONVERSION = YES_AGGRESSIVE;
				CLANG_CXX_LANGUAGE_STANDARD = "gnu++20";
				CLANG_ENABLE_MODULES = YES;
				CLANG_ENABLE_OBJC_ARC = YES;
				CLANG_ENABLE_OBJC_WEAK = YES;
				CLANG_WARN_BLOCK_CAPTURE_AUTORELEASING = YES;
				CLANG_WARN_BOOL_CONVERSION = YES;
				CLANG_WARN_COMMA = YES;
				CLANG_WARN_CONSTANT_CONVERSION = YES;
				CLANG_WARN_DEPRECATED_OBJC_IMPLEMENTATIONS = YES;
				CLANG_WARN_DIRECT_OBJC_ISA_USAGE = YES_ERROR;
				CLANG_WARN_DOCUMENTATION_COMMENTS = YES;
				CLANG_WARN_EMPTY_BODY = YES;
				CLANG_WARN_ENUM_CONVERSION = YES;
				CLANG_WARN_INFINITE_RECURSION = YES;
				CLANG_WARN_INT_CONVERSION = YES;
				CLANG_WARN_NON_LITERAL_NULL_CONVERSION = YES;
				CLANG_WARN_OBJC_IMPLICIT_RETAIN_SELF = YES;
				CLANG_WARN_OBJC_LITERAL_CONVERSION = YES;
				CLANG_WARN_OBJC_ROOT_CLASS = YES_ERROR;
				CLANG_WARN_QUOTED_INCLUDE_IN_FRAMEWORK_HEADER = YES;
				CLANG_WARN_RANGE_LOOP_ANALYSIS = YES;
				CLANG_WARN_STRICT_PROTOTYPES = YES;
				CLANG_WARN_SUSPICIOUS_MOVE = YES;
				CLANG_WARN_UNGUARDED_AVAILABILITY = YES_AGGRESSIVE;
				CLANG_WARN_UNREACHABLE_CODE = YES;
				CLANG_WARN__DUPLICATE_METHOD_MATCH = YES;
				COPY_PHASE_STRIP = NO;
				DEBUG_INFORMATION_FORMAT = "dwarf-with-dsym";
				ENABLE_NS_ASSERTIONS = NO;
				ENABLE_STRICT_OBJC_MSGSEND = YES;
				ENABLE_USER_SCRIPT_SANDBOXING = YES;
				GCC_C_LANGUAGE_STANDARD = gnu17;
				GCC_NO_COMMON_BLOCKS = YES;
				GCC_WARN_64_TO_32_BIT_CONVERSION = YES;
				GCC_WARN_ABOUT_RETURN_TYPE = YES_ERROR;
				GCC_WARN_UNDECLARED_SELECTOR = YES;
				GCC_WARN_UNINITIALIZED_AUTOS = YES_AGGRESSIVE;
				GCC_WARN_UNUSED_FUNCTION = YES;
				GCC_WARN_UNUSED_VARIABLE = YES;
				IPHONEOS_DEPLOYMENT_TARGET = 26.4;
				LOCALIZATION_PREFERS_STRING_CATALOGS = YES;
				MTL_ENABLE_DEBUG_INFO = NO;
				MTL_FAST_MATH = YES;
				SDKROOT = iphoneos;
				STRING_CATALOG_GENERATE_SYMBOLS = YES;
				SWIFT_COMPILATION_MODE = wholemodule;
				VALIDATE_PRODUCT = YES;
			};
			name = Release;
		};
		C10713C92F9D2BB5008A0FA6 /* Debug */ = {
			isa = XCBuildConfiguration;
			buildSettings = {
				BUNDLE_LOADER = "$(TEST_HOST)";
				CODE_SIGN_STYLE = Automatic;
				CURRENT_PROJECT_VERSION = 1;
				GENERATE_INFOPLIST_FILE = YES;
				IPHONEOS_DEPLOYMENT_TARGET = 26.4;
				MARKETING_VERSION = 1.0;
				PRODUCT_BUNDLE_IDENTIFIER = com.kasprasols.EssentialAppTests;
				PRODUCT_NAME = "$(TARGET_NAME)";
				STRING_CATALOG_GENERATE_SYMBOLS = NO;
				SWIFT_APPROACHABLE_CONCURRENCY = YES;
				SWIFT_EMIT_LOC_STRINGS = NO;
				SWIFT_UPCOMING_FEATURE_MEMBER_IMPORT_VISIBILITY = YES;
				SWIFT_VERSION = 5.0;
				TARGETED_DEVICE_FAMILY = "1,2";
				TEST_HOST = "$(BUILT_PRODUCTS_DIR)/EssentialApp.app/$(BUNDLE_EXECUTABLE_FOLDER_PATH)/EssentialApp";
			};
			name = Debug;
		};
		C10713CA2F9D2BB5008A0FA6 /* Release */ = {
			isa = XCBuildConfiguration;
			buildSettings = {
				BUNDLE_LOADER = "$(TEST_HOST)";
				CODE_SIGN_STYLE = Automatic;
				CURRENT_PROJECT_VERSION = 1;
				GENERATE_INFOPLIST_FILE = YES;
				IPHONEOS_DEPLOYMENT_TARGET = 26.4;
				MARKETING_VERSION = 1.0;
				PRODUCT_BUNDLE_IDENTIFIER = com.kasprasols.EssentialAppTests;
				PRODUCT_NAME = "$(TARGET_NAME)";
				STRING_CATALOG_GENERATE_SYMBOLS = NO;
				SWIFT_APPROACHABLE_CONCURRENCY = YES;
				SWIFT_EMIT_LOC_STRINGS = NO;
				SWIFT_UPCOMING_FEATURE_MEMBER_IMPORT_VISIBILITY = YES;
				SWIFT_VERSION = 5.0;
				TARGETED_DEVICE_FAMILY = "1,2";
				TEST_HOST = "$(BUILT_PRODUCTS_DIR)/EssentialApp.app/$(BUNDLE_EXECUTABLE_FOLDER_PATH)/EssentialApp";
			};
			name = Release;
		};
/* End XCBuildConfiguration section */

/* Begin XCConfigurationList section */
		C10713952F9D2BB3008A0FA6 /* Build configuration list for PBXProject "EssentialApp" */ = {
			isa = XCConfigurationList;
			buildConfigurations = (
				C10713C62F9D2BB5008A0FA6 /* Debug */,
				C10713C72F9D2BB5008A0FA6 /* Release */,
			);
			defaultConfigurationIsVisible = 0;
			defaultConfigurationName = Release;
		};
		C10713C32F9D2BB5008A0FA6 /* Build configuration list for PBXNativeTarget "EssentialApp" */ = {
			isa = XCConfigurationList;
			buildConfigurations = (
				C10713C42F9D2BB5008A0FA6 /* Debug */,
				C10713C52F9D2BB5008A0FA6 /* Release */,
			);
			defaultConfigurationIsVisible = 0;
			defaultConfigurationName = Release;
		};
		C10713C82F9D2BB5008A0FA6 /* Build configuration list for PBXNativeTarget "EssentialAppTests" */ = {
			isa = XCConfigurationList;
			buildConfigurations = (
				C10713C92F9D2BB5008A0FA6 /* Debug */,
				C10713CA2F9D2BB5008A0FA6 /* Release */,
			);
			defaultConfigurationIsVisible = 0;
			defaultConfigurationName = Release;
		};
/* End XCConfigurationList section */
	};
	rootObject = C10713922F9D2BB3008A0FA6 /* Project object */;
}
